// !$*UTF8*$!
{
	archiveVersion = 1;
	classes = {
	};
	objectVersion = 55;
	objects = {

/* Begin PBXBuildFile section */
		DE2521EC286ACE8600F55050 /* BLE.swift in Sources */ = {isa = PBXBuildFile; fileRef = DE2521EB286ACE8600F55050 /* BLE.swift */; };
		DE2521ED286ACE8600F55050 /* BLE.swift in Sources */ = {isa = PBXBuildFile; fileRef = DE2521EB286ACE8600F55050 /* BLE.swift */; };
		DE2521EF286ACEA300F55050 /* BLE+CBCentralManagerDelegate.swift in Sources */ = {isa = PBXBuildFile; fileRef = DE2521EE286ACEA300F55050 /* BLE+CBCentralManagerDelegate.swift */; };
		DE2521F0286ACEA300F55050 /* BLE+CBCentralManagerDelegate.swift in Sources */ = {isa = PBXBuildFile; fileRef = DE2521EE286ACEA300F55050 /* BLE+CBCentralManagerDelegate.swift */; };
		DE2521F2286ACEB200F55050 /* BLE+CBPeripheralDelegate.swift in Sources */ = {isa = PBXBuildFile; fileRef = DE2521F1286ACEB200F55050 /* BLE+CBPeripheralDelegate.swift */; };
		DE2521F3286ACEB200F55050 /* BLE+CBPeripheralDelegate.swift in Sources */ = {isa = PBXBuildFile; fileRef = DE2521F1286ACEB200F55050 /* BLE+CBPeripheralDelegate.swift */; };
		DE2521F7286AD13700F55050 /* Secrets.swift in Sources */ = {isa = PBXBuildFile; fileRef = DE2521F6286AD13700F55050 /* Secrets.swift */; };
		DE2521F8286AD13700F55050 /* Secrets.swift in Sources */ = {isa = PBXBuildFile; fileRef = DE2521F6286AD13700F55050 /* Secrets.swift */; };
		DE2521FA286AD17E00F55050 /* Constants+BLE.swift in Sources */ = {isa = PBXBuildFile; fileRef = DE2521F9286AD17E00F55050 /* Constants+BLE.swift */; };
		DE2521FB286AD17E00F55050 /* Constants+BLE.swift in Sources */ = {isa = PBXBuildFile; fileRef = DE2521F9286AD17E00F55050 /* Constants+BLE.swift */; };
		DE2521FD286AD1A100F55050 /* Constants+Network.swift in Sources */ = {isa = PBXBuildFile; fileRef = DE2521FC286AD1A100F55050 /* Constants+Network.swift */; };
		DE2521FE286AD1A100F55050 /* Constants+Network.swift in Sources */ = {isa = PBXBuildFile; fileRef = DE2521FC286AD1A100F55050 /* Constants+Network.swift */; };
		DE252201286ADF0400F55050 /* DispatchQueue+Extensions.swift in Sources */ = {isa = PBXBuildFile; fileRef = DE252200286ADF0400F55050 /* DispatchQueue+Extensions.swift */; };
		DE252202286ADF0400F55050 /* DispatchQueue+Extensions.swift in Sources */ = {isa = PBXBuildFile; fileRef = DE252200286ADF0400F55050 /* DispatchQueue+Extensions.swift */; };
		DE252204286AE0DE00F55050 /* Constants+Notification.swift in Sources */ = {isa = PBXBuildFile; fileRef = DE252203286AE0DE00F55050 /* Constants+Notification.swift */; };
		DE252205286AE0DE00F55050 /* Constants+Notification.swift in Sources */ = {isa = PBXBuildFile; fileRef = DE252203286AE0DE00F55050 /* Constants+Notification.swift */; };
		DE252207286AE19C00F55050 /* Notification.Name+Extensions.swift in Sources */ = {isa = PBXBuildFile; fileRef = DE252206286AE19C00F55050 /* Notification.Name+Extensions.swift */; };
		DE252208286AE19C00F55050 /* Notification.Name+Extensions.swift in Sources */ = {isa = PBXBuildFile; fileRef = DE252206286AE19C00F55050 /* Notification.Name+Extensions.swift */; };
		DE3D537D286776DD00CD985D /* RepositoryError.swift in Sources */ = {isa = PBXBuildFile; fileRef = DE3D537C286776D400CD985D /* RepositoryError.swift */; };
		DE3D537E286776DD00CD985D /* RepositoryError.swift in Sources */ = {isa = PBXBuildFile; fileRef = DE3D537C286776D400CD985D /* RepositoryError.swift */; };
		DE3D53802867774100CD985D /* AppEnvironment.swift in Sources */ = {isa = PBXBuildFile; fileRef = DE3D537F2867774100CD985D /* AppEnvironment.swift */; };
		DE3D53812867774100CD985D /* AppEnvironment.swift in Sources */ = {isa = PBXBuildFile; fileRef = DE3D537F2867774100CD985D /* AppEnvironment.swift */; };
		DE3D5383286855B700CD985D /* PopupView.swift in Sources */ = {isa = PBXBuildFile; fileRef = DE3D5382286855B700CD985D /* PopupView.swift */; };
		DE3D5384286855B700CD985D /* PopupView.swift in Sources */ = {isa = PBXBuildFile; fileRef = DE3D5382286855B700CD985D /* PopupView.swift */; };
		DE3D5386286855DB00CD985D /* CommonViewModel.swift in Sources */ = {isa = PBXBuildFile; fileRef = DE3D5385286855DB00CD985D /* CommonViewModel.swift */; };
		DE3D5387286855DB00CD985D /* CommonViewModel.swift in Sources */ = {isa = PBXBuildFile; fileRef = DE3D5385286855DB00CD985D /* CommonViewModel.swift */; };
		DE4339152867189D007B1F60 /* ConnectionState.swift in Sources */ = {isa = PBXBuildFile; fileRef = DE4339142867189D007B1F60 /* ConnectionState.swift */; };
		DE4339162867189D007B1F60 /* ConnectionState.swift in Sources */ = {isa = PBXBuildFile; fileRef = DE4339142867189D007B1F60 /* ConnectionState.swift */; };
		DE433918286718FD007B1F60 /* View+Extensions.swift in Sources */ = {isa = PBXBuildFile; fileRef = DE433917286718FD007B1F60 /* View+Extensions.swift */; };
		DE433919286718FD007B1F60 /* View+Extensions.swift in Sources */ = {isa = PBXBuildFile; fileRef = DE433917286718FD007B1F60 /* View+Extensions.swift */; };
		DE43391B286719A6007B1F60 /* ErrorPopup.swift in Sources */ = {isa = PBXBuildFile; fileRef = DE43391A286719A6007B1F60 /* ErrorPopup.swift */; };
		DE43391C286719A6007B1F60 /* ErrorPopup.swift in Sources */ = {isa = PBXBuildFile; fileRef = DE43391A286719A6007B1F60 /* ErrorPopup.swift */; };
		DE7D50F527C7D402006901BD /* ThermometerApp.swift in Sources */ = {isa = PBXBuildFile; fileRef = DE7D50E527C7D400006901BD /* ThermometerApp.swift */; };
		DE7D50F627C7D402006901BD /* ThermometerApp.swift in Sources */ = {isa = PBXBuildFile; fileRef = DE7D50E527C7D400006901BD /* ThermometerApp.swift */; };
		DE7D50F727C7D402006901BD /* MainView.swift in Sources */ = {isa = PBXBuildFile; fileRef = DE7D50E627C7D400006901BD /* MainView.swift */; };
		DE7D50F827C7D402006901BD /* MainView.swift in Sources */ = {isa = PBXBuildFile; fileRef = DE7D50E627C7D400006901BD /* MainView.swift */; };
		DE7D50F927C7D402006901BD /* Assets.xcassets in Resources */ = {isa = PBXBuildFile; fileRef = DE7D50E727C7D402006901BD /* Assets.xcassets */; };
		DE7D50FA27C7D402006901BD /* Assets.xcassets in Resources */ = {isa = PBXBuildFile; fileRef = DE7D50E727C7D402006901BD /* Assets.xcassets */; };
		DE7D510427C7D57E006901BD /* BLEDevice.swift in Sources */ = {isa = PBXBuildFile; fileRef = DE7D510327C7D57E006901BD /* BLEDevice.swift */; };
		DE7D510527C7D57E006901BD /* BLEDevice.swift in Sources */ = {isa = PBXBuildFile; fileRef = DE7D510327C7D57E006901BD /* BLEDevice.swift */; };
/* End PBXBuildFile section */

/* Begin PBXFileReference section */
		DE2521EB286ACE8600F55050 /* BLE.swift */ = {isa = PBXFileReference; lastKnownFileType = sourcecode.swift; path = BLE.swift; sourceTree = "<group>"; };
		DE2521EE286ACEA300F55050 /* BLE+CBCentralManagerDelegate.swift */ = {isa = PBXFileReference; lastKnownFileType = sourcecode.swift; path = "BLE+CBCentralManagerDelegate.swift"; sourceTree = "<group>"; };
		DE2521F1286ACEB200F55050 /* BLE+CBPeripheralDelegate.swift */ = {isa = PBXFileReference; lastKnownFileType = sourcecode.swift; path = "BLE+CBPeripheralDelegate.swift"; sourceTree = "<group>"; };
		DE2521F6286AD13700F55050 /* Secrets.swift */ = {isa = PBXFileReference; lastKnownFileType = sourcecode.swift; path = Secrets.swift; sourceTree = "<group>"; };
		DE2521F9286AD17E00F55050 /* Constants+BLE.swift */ = {isa = PBXFileReference; lastKnownFileType = sourcecode.swift; path = "Constants+BLE.swift"; sourceTree = "<group>"; };
		DE2521FC286AD1A100F55050 /* Constants+Network.swift */ = {isa = PBXFileReference; lastKnownFileType = sourcecode.swift; path = "Constants+Network.swift"; sourceTree = "<group>"; };
		DE252200286ADF0400F55050 /* DispatchQueue+Extensions.swift */ = {isa = PBXFileReference; lastKnownFileType = sourcecode.swift; path = "DispatchQueue+Extensions.swift"; sourceTree = "<group>"; };
		DE252203286AE0DE00F55050 /* Constants+Notification.swift */ = {isa = PBXFileReference; lastKnownFileType = sourcecode.swift; path = "Constants+Notification.swift"; sourceTree = "<group>"; };
		DE252206286AE19C00F55050 /* Notification.Name+Extensions.swift */ = {isa = PBXFileReference; lastKnownFileType = sourcecode.swift; path = "Notification.Name+Extensions.swift"; sourceTree = "<group>"; };
		DE3D537C286776D400CD985D /* RepositoryError.swift */ = {isa = PBXFileReference; lastKnownFileType = sourcecode.swift; path = RepositoryError.swift; sourceTree = "<group>"; };
		DE3D537F2867774100CD985D /* AppEnvironment.swift */ = {isa = PBXFileReference; lastKnownFileType = sourcecode.swift; path = AppEnvironment.swift; sourceTree = "<group>"; };
		DE3D5382286855B700CD985D /* PopupView.swift */ = {isa = PBXFileReference; lastKnownFileType = sourcecode.swift; path = PopupView.swift; sourceTree = "<group>"; };
		DE3D5385286855DB00CD985D /* CommonViewModel.swift */ = {isa = PBXFileReference; lastKnownFileType = sourcecode.swift; path = CommonViewModel.swift; sourceTree = "<group>"; };
		DE4339142867189D007B1F60 /* ConnectionState.swift */ = {isa = PBXFileReference; lastKnownFileType = sourcecode.swift; path = ConnectionState.swift; sourceTree = "<group>"; };
		DE433917286718FD007B1F60 /* View+Extensions.swift */ = {isa = PBXFileReference; lastKnownFileType = sourcecode.swift; path = "View+Extensions.swift"; sourceTree = "<group>"; };
		DE43391A286719A6007B1F60 /* ErrorPopup.swift */ = {isa = PBXFileReference; lastKnownFileType = sourcecode.swift; path = ErrorPopup.swift; sourceTree = "<group>"; };
		DE7D50E527C7D400006901BD /* ThermometerApp.swift */ = {isa = PBXFileReference; lastKnownFileType = sourcecode.swift; path = ThermometerApp.swift; sourceTree = "<group>"; };
		DE7D50E627C7D400006901BD /* MainView.swift */ = {isa = PBXFileReference; lastKnownFileType = sourcecode.swift; path = MainView.swift; sourceTree = "<group>"; };
		DE7D50E727C7D402006901BD /* Assets.xcassets */ = {isa = PBXFileReference; lastKnownFileType = folder.assetcatalog; path = Assets.xcassets; sourceTree = "<group>"; };
		DE7D50EC27C7D402006901BD /* Thermometer.app */ = {isa = PBXFileReference; explicitFileType = wrapper.application; includeInIndex = 0; path = Thermometer.app; sourceTree = BUILT_PRODUCTS_DIR; };
		DE7D50F227C7D402006901BD /* Thermometer.app */ = {isa = PBXFileReference; explicitFileType = wrapper.application; includeInIndex = 0; path = Thermometer.app; sourceTree = BUILT_PRODUCTS_DIR; };
		DE7D50F427C7D402006901BD /* macOS.entitlements */ = {isa = PBXFileReference; lastKnownFileType = text.plist.entitlements; path = macOS.entitlements; sourceTree = "<group>"; };
		DE7D510327C7D57E006901BD /* BLEDevice.swift */ = {isa = PBXFileReference; lastKnownFileType = sourcecode.swift; path = BLEDevice.swift; sourceTree = "<group>"; };
		DEEFBCC327C9DD3300C02A83 /* Thermometer--iOS--Info.plist */ = {isa = PBXFileReference; lastKnownFileType = text.plist; path = "Thermometer--iOS--Info.plist"; sourceTree = "<group>"; };
/* End PBXFileReference section */

/* Begin PBXFrameworksBuildPhase section */
		DE7D50E927C7D402006901BD /* Frameworks */ = {
			isa = PBXFrameworksBuildPhase;
			buildActionMask = 2147483647;
			files = (
			);
			runOnlyForDeploymentPostprocessing = 0;
		};
		DE7D50EF27C7D402006901BD /* Frameworks */ = {
			isa = PBXFrameworksBuildPhase;
			buildActionMask = 2147483647;
			files = (
			);
			runOnlyForDeploymentPostprocessing = 0;
		};
/* End PBXFrameworksBuildPhase section */

/* Begin PBXGroup section */
		DE2521EA286ACE0E00F55050 /* BLE */ = {
			isa = PBXGroup;
			children = (
				DE7D510327C7D57E006901BD /* BLEDevice.swift */,
				DE2521EB286ACE8600F55050 /* BLE.swift */,
				DE2521EE286ACEA300F55050 /* BLE+CBCentralManagerDelegate.swift */,
				DE2521F1286ACEB200F55050 /* BLE+CBPeripheralDelegate.swift */,
			);
			path = BLE;
			sourceTree = "<group>";
		};
		DE2521F4286AD11B00F55050 /* Constants */ = {
			isa = PBXGroup;
			children = (
				DE2521F6286AD13700F55050 /* Secrets.swift */,
				DE2521F9286AD17E00F55050 /* Constants+BLE.swift */,
				DE2521FC286AD1A100F55050 /* Constants+Network.swift */,
				DE252203286AE0DE00F55050 /* Constants+Notification.swift */,
			);
			path = Constants;
			sourceTree = "<group>";
		};
		DE2521FF286ADEF100F55050 /* Extensions */ = {
			isa = PBXGroup;
			children = (
				DE252200286ADF0400F55050 /* DispatchQueue+Extensions.swift */,
				DE252206286AE19C00F55050 /* Notification.Name+Extensions.swift */,
			);
			path = Extensions;
			sourceTree = "<group>";
		};
		DE7D50DF27C7D400006901BD = {
			isa = PBXGroup;
			children = (
				DEEFBCC327C9DD3300C02A83 /* Thermometer--iOS--Info.plist */,
				DE7D50E427C7D400006901BD /* Shared */,
				DE7D50F327C7D402006901BD /* macOS */,
				DE7D50ED27C7D402006901BD /* Products */,
			);
			sourceTree = "<group>";
		};
		DE7D50E427C7D400006901BD /* Shared */ = {
			isa = PBXGroup;
			children = (
				DE2521FF286ADEF100F55050 /* Extensions */,
				DE2521F4286AD11B00F55050 /* Constants */,
				DE2521EA286ACE0E00F55050 /* BLE */,
				DE7D50E527C7D400006901BD /* ThermometerApp.swift */,
				DE7D50E627C7D400006901BD /* MainView.swift */,
				DE3D537F2867774100CD985D /* AppEnvironment.swift */,
				DE43391A286719A6007B1F60 /* ErrorPopup.swift */,
				DE3D5385286855DB00CD985D /* CommonViewModel.swift */,
				DE3D537C286776D400CD985D /* RepositoryError.swift */,
				DE7D50E727C7D402006901BD /* Assets.xcassets */,
				DE3D5382286855B700CD985D /* PopupView.swift */,
				DE4339142867189D007B1F60 /* ConnectionState.swift */,
				DE433917286718FD007B1F60 /* View+Extensions.swift */,
			);
			path = Shared;
			sourceTree = "<group>";
		};
		DE7D50ED27C7D402006901BD /* Products */ = {
			isa = PBXGroup;
			children = (
				DE7D50EC27C7D402006901BD /* Thermometer.app */,
				DE7D50F227C7D402006901BD /* Thermometer.app */,
			);
			name = Products;
			sourceTree = "<group>";
		};
		DE7D50F327C7D402006901BD /* macOS */ = {
			isa = PBXGroup;
			children = (
				DE7D50F427C7D402006901BD /* macOS.entitlements */,
			);
			path = macOS;
			sourceTree = "<group>";
		};
/* End PBXGroup section */

/* Begin PBXNativeTarget section */
		DE7D50EB27C7D402006901BD /* Thermometer (iOS) */ = {
			isa = PBXNativeTarget;
			buildConfigurationList = DE7D50FD27C7D402006901BD /* Build configuration list for PBXNativeTarget "Thermometer (iOS)" */;
			buildPhases = (
				DE7D50E827C7D402006901BD /* Sources */,
				DE7D50E927C7D402006901BD /* Frameworks */,
				DE7D50EA27C7D402006901BD /* Resources */,
			);
			buildRules = (
			);
			dependencies = (
			);
			name = "Thermometer (iOS)";
			productName = "Thermometer (iOS)";
			productReference = DE7D50EC27C7D402006901BD /* Thermometer.app */;
			productType = "com.apple.product-type.application";
		};
		DE7D50F127C7D402006901BD /* Thermometer (macOS) */ = {
			isa = PBXNativeTarget;
			buildConfigurationList = DE7D510027C7D402006901BD /* Build configuration list for PBXNativeTarget "Thermometer (macOS)" */;
			buildPhases = (
				DE7D50EE27C7D402006901BD /* Sources */,
				DE7D50EF27C7D402006901BD /* Frameworks */,
				DE7D50F027C7D402006901BD /* Resources */,
			);
			buildRules = (
			);
			dependencies = (
			);
			name = "Thermometer (macOS)";
			productName = "Thermometer (macOS)";
			productReference = DE7D50F227C7D402006901BD /* Thermometer.app */;
			productType = "com.apple.product-type.application";
		};
/* End PBXNativeTarget section */

/* Begin PBXProject section */
		DE7D50E027C7D400006901BD /* Project object */ = {
			isa = PBXProject;
			attributes = {
				BuildIndependentTargetsInParallel = 1;
				LastSwiftUpdateCheck = 1310;
				LastUpgradeCheck = 1310;
				TargetAttributes = {
					DE7D50EB27C7D402006901BD = {
						CreatedOnToolsVersion = 13.1;
					};
					DE7D50F127C7D402006901BD = {
						CreatedOnToolsVersion = 13.1;
					};
				};
			};
			buildConfigurationList = DE7D50E327C7D400006901BD /* Build configuration list for PBXProject "Thermometer" */;
			compatibilityVersion = "Xcode 13.0";
			developmentRegion = en;
			hasScannedForEncodings = 0;
			knownRegions = (
				en,
				Base,
			);
			mainGroup = DE7D50DF27C7D400006901BD;
			productRefGroup = DE7D50ED27C7D402006901BD /* Products */;
			projectDirPath = "";
			projectRoot = "";
			targets = (
				DE7D50EB27C7D402006901BD /* Thermometer (iOS) */,
				DE7D50F127C7D402006901BD /* Thermometer (macOS) */,
			);
		};
/* End PBXProject section */

/* Begin PBXResourcesBuildPhase section */
		DE7D50EA27C7D402006901BD /* Resources */ = {
			isa = PBXResourcesBuildPhase;
			buildActionMask = 2147483647;
			files = (
				DE7D50F927C7D402006901BD /* Assets.xcassets in Resources */,
			);
			runOnlyForDeploymentPostprocessing = 0;
		};
		DE7D50F027C7D402006901BD /* Resources */ = {
			isa = PBXResourcesBuildPhase;
			buildActionMask = 2147483647;
			files = (
				DE7D50FA27C7D402006901BD /* Assets.xcassets in Resources */,
			);
			runOnlyForDeploymentPostprocessing = 0;
		};
/* End PBXResourcesBuildPhase section */

/* Begin PBXSourcesBuildPhase section */
		DE7D50E827C7D402006901BD /* Sources */ = {
			isa = PBXSourcesBuildPhase;
			buildActionMask = 2147483647;
			files = (
				DE3D5383286855B700CD985D /* PopupView.swift in Sources */,
				DE7D50F727C7D402006901BD /* MainView.swift in Sources */,
				DE43391B286719A6007B1F60 /* ErrorPopup.swift in Sources */,
				DE2521EF286ACEA300F55050 /* BLE+CBCentralManagerDelegate.swift in Sources */,
				DE252207286AE19C00F55050 /* Notification.Name+Extensions.swift in Sources */,
				DE252204286AE0DE00F55050 /* Constants+Notification.swift in Sources */,
				DE2521FD286AD1A100F55050 /* Constants+Network.swift in Sources */,
				DE4339152867189D007B1F60 /* ConnectionState.swift in Sources */,
				DE7D50F527C7D402006901BD /* ThermometerApp.swift in Sources */,
				DE252201286ADF0400F55050 /* DispatchQueue+Extensions.swift in Sources */,
				DE433918286718FD007B1F60 /* View+Extensions.swift in Sources */,
				DE3D53802867774100CD985D /* AppEnvironment.swift in Sources */,
				DE2521EC286ACE8600F55050 /* BLE.swift in Sources */,
				DE2521FA286AD17E00F55050 /* Constants+BLE.swift in Sources */,
				DE2521F7286AD13700F55050 /* Secrets.swift in Sources */,
				DE2521F2286ACEB200F55050 /* BLE+CBPeripheralDelegate.swift in Sources */,
				DE3D537D286776DD00CD985D /* RepositoryError.swift in Sources */,
				DE7D510427C7D57E006901BD /* BLEDevice.swift in Sources */,
				DE3D5386286855DB00CD985D /* CommonViewModel.swift in Sources */,
			);
			runOnlyForDeploymentPostprocessing = 0;
		};
		DE7D50EE27C7D402006901BD /* Sources */ = {
			isa = PBXSourcesBuildPhase;
			buildActionMask = 2147483647;
			files = (
				DE3D5384286855B700CD985D /* PopupView.swift in Sources */,
				DE7D50F827C7D402006901BD /* MainView.swift in Sources */,
				DE43391C286719A6007B1F60 /* ErrorPopup.swift in Sources */,
				DE2521F0286ACEA300F55050 /* BLE+CBCentralManagerDelegate.swift in Sources */,
				DE252208286AE19C00F55050 /* Notification.Name+Extensions.swift in Sources */,
				DE252205286AE0DE00F55050 /* Constants+Notification.swift in Sources */,
				DE2521FE286AD1A100F55050 /* Constants+Network.swift in Sources */,
				DE4339162867189D007B1F60 /* ConnectionState.swift in Sources */,
				DE7D50F627C7D402006901BD /* ThermometerApp.swift in Sources */,
				DE252202286ADF0400F55050 /* DispatchQueue+Extensions.swift in Sources */,
				DE433919286718FD007B1F60 /* View+Extensions.swift in Sources */,
				DE3D53812867774100CD985D /* AppEnvironment.swift in Sources */,
				DE2521ED286ACE8600F55050 /* BLE.swift in Sources */,
				DE2521FB286AD17E00F55050 /* Constants+BLE.swift in Sources */,
				DE2521F8286AD13700F55050 /* Secrets.swift in Sources */,
				DE2521F3286ACEB200F55050 /* BLE+CBPeripheralDelegate.swift in Sources */,
				DE3D537E286776DD00CD985D /* RepositoryError.swift in Sources */,
				DE7D510527C7D57E006901BD /* BLEDevice.swift in Sources */,
				DE3D5387286855DB00CD985D /* CommonViewModel.swift in Sources */,
			);
			runOnlyForDeploymentPostprocessing = 0;
		};
/* End PBXSourcesBuildPhase section */

/* Begin XCBuildConfiguration section */
		DE7D50FB27C7D402006901BD /* Debug */ = {
			isa = XCBuildConfiguration;
			buildSettings = {
				ALWAYS_SEARCH_USER_PATHS = NO;
				CLANG_ANALYZER_NONNULL = YES;
				CLANG_ANALYZER_NUMBER_OBJECT_CONVERSION = YES_AGGRESSIVE;
				CLANG_CXX_LANGUAGE_STANDARD = "gnu++17";
				CLANG_CXX_LIBRARY = "libc++";
				CLANG_ENABLE_MODULES = YES;
				CLANG_ENABLE_OBJC_ARC = YES;
				CLANG_ENABLE_OBJC_WEAK = YES;
				CLANG_WARN_BLOCK_CAPTURE_AUTORELEASING = YES;
				CLANG_WARN_BOOL_CONVERSION = YES;
				CLANG_WARN_COMMA = YES;
				CLANG_WARN_CONSTANT_CONVERSION = YES;
				CLANG_WARN_DEPRECATED_OBJC_IMPLEMENTATIONS = YES;
				CLANG_WARN_DIRECT_OBJC_ISA_USAGE = YES_ERROR;
				CLANG_WARN_DOCUMENTATION_COMMENTS = YES;
				CLANG_WARN_EMPTY_BODY = YES;
				CLANG_WARN_ENUM_CONVERSION = YES;
				CLANG_WARN_INFINITE_RECURSION = YES;
				CLANG_WARN_INT_CONVERSION = YES;
				CLANG_WARN_NON_LITERAL_NULL_CONVERSION = YES;
				CLANG_WARN_OBJC_IMPLICIT_RETAIN_SELF = YES;
				CLANG_WARN_OBJC_LITERAL_CONVERSION = YES;
				CLANG_WARN_OBJC_ROOT_CLASS = YES_ERROR;
				CLANG_WARN_QUOTED_INCLUDE_IN_FRAMEWORK_HEADER = YES;
				CLANG_WARN_RANGE_LOOP_ANALYSIS = YES;
				CLANG_WARN_STRICT_PROTOTYPES = YES;
				CLANG_WARN_SUSPICIOUS_MOVE = YES;
				CLANG_WARN_UNGUARDED_AVAILABILITY = YES_AGGRESSIVE;
				CLANG_WARN_UNREACHABLE_CODE = YES;
				CLANG_WARN__DUPLICATE_METHOD_MATCH = YES;
				COPY_PHASE_STRIP = NO;
				DEBUG_INFORMATION_FORMAT = dwarf;
				ENABLE_STRICT_OBJC_MSGSEND = YES;
				ENABLE_TESTABILITY = YES;
				GCC_C_LANGUAGE_STANDARD = gnu11;
				GCC_DYNAMIC_NO_PIC = NO;
				GCC_NO_COMMON_BLOCKS = YES;
				GCC_OPTIMIZATION_LEVEL = 0;
				GCC_PREPROCESSOR_DEFINITIONS = (
					"DEBUG=1",
					"$(inherited)",
				);
				GCC_WARN_64_TO_32_BIT_CONVERSION = YES;
				GCC_WARN_ABOUT_RETURN_TYPE = YES_ERROR;
				GCC_WARN_UNDECLARED_SELECTOR = YES;
				GCC_WARN_UNINITIALIZED_AUTOS = YES_AGGRESSIVE;
				GCC_WARN_UNUSED_FUNCTION = YES;
				GCC_WARN_UNUSED_VARIABLE = YES;
				MTL_ENABLE_DEBUG_INFO = INCLUDE_SOURCE;
				MTL_FAST_MATH = YES;
				ONLY_ACTIVE_ARCH = YES;
				SWIFT_ACTIVE_COMPILATION_CONDITIONS = DEBUG;
				SWIFT_OPTIMIZATION_LEVEL = "-Onone";
			};
			name = Debug;
		};
		DE7D50FC27C7D402006901BD /* Release */ = {
			isa = XCBuildConfiguration;
			buildSettings = {
				ALWAYS_SEARCH_USER_PATHS = NO;
				CLANG_ANALYZER_NONNULL = YES;
				CLANG_ANALYZER_NUMBER_OBJECT_CONVERSION = YES_AGGRESSIVE;
				CLANG_CXX_LANGUAGE_STANDARD = "gnu++17";
				CLANG_CXX_LIBRARY = "libc++";
				CLANG_ENABLE_MODULES = YES;
				CLANG_ENABLE_OBJC_ARC = YES;
				CLANG_ENABLE_OBJC_WEAK = YES;
				CLANG_WARN_BLOCK_CAPTURE_AUTORELEASING = YES;
				CLANG_WARN_BOOL_CONVERSION = YES;
				CLANG_WARN_COMMA = YES;
				CLANG_WARN_CONSTANT_CONVERSION = YES;
				CLANG_WARN_DEPRECATED_OBJC_IMPLEMENTATIONS = YES;
				CLANG_WARN_DIRECT_OBJC_ISA_USAGE = YES_ERROR;
				CLANG_WARN_DOCUMENTATION_COMMENTS = YES;
				CLANG_WARN_EMPTY_BODY = YES;
				CLANG_WARN_ENUM_CONVERSION = YES;
				CLANG_WARN_INFINITE_RECURSION = YES;
				CLANG_WARN_INT_CONVERSION = YES;
				CLANG_WARN_NON_LITERAL_NULL_CONVERSION = YES;
				CLANG_WARN_OBJC_IMPLICIT_RETAIN_SELF = YES;
				CLANG_WARN_OBJC_LITERAL_CONVERSION = YES;
				CLANG_WARN_OBJC_ROOT_CLASS = YES_ERROR;
				CLANG_WARN_QUOTED_INCLUDE_IN_FRAMEWORK_HEADER = YES;
				CLANG_WARN_RANGE_LOOP_ANALYSIS = YES;
				CLANG_WARN_STRICT_PROTOTYPES = YES;
				CLANG_WARN_SUSPICIOUS_MOVE = YES;
				CLANG_WARN_UNGUARDED_AVAILABILITY = YES_AGGRESSIVE;
				CLANG_WARN_UNREACHABLE_CODE = YES;
				CLANG_WARN__DUPLICATE_METHOD_MATCH = YES;
				COPY_PHASE_STRIP = NO;
				DEBUG_INFORMATION_FORMAT = "dwarf-with-dsym";
				ENABLE_NS_ASSERTIONS = NO;
				ENABLE_STRICT_OBJC_MSGSEND = YES;
				GCC_C_LANGUAGE_STANDARD = gnu11;
				GCC_NO_COMMON_BLOCKS = YES;
				GCC_WARN_64_TO_32_BIT_CONVERSION = YES;
				GCC_WARN_ABOUT_RETURN_TYPE = YES_ERROR;
				GCC_WARN_UNDECLARED_SELECTOR = YES;
				GCC_WARN_UNINITIALIZED_AUTOS = YES_AGGRESSIVE;
				GCC_WARN_UNUSED_FUNCTION = YES;
				GCC_WARN_UNUSED_VARIABLE = YES;
				MTL_ENABLE_DEBUG_INFO = NO;
				MTL_FAST_MATH = YES;
				SWIFT_COMPILATION_MODE = wholemodule;
				SWIFT_OPTIMIZATION_LEVEL = "-O";
			};
			name = Release;
		};
		DE7D50FE27C7D402006901BD /* Debug */ = {
			isa = XCBuildConfiguration;
			buildSettings = {
				ASSETCATALOG_COMPILER_APPICON_NAME = AppIcon;
				ASSETCATALOG_COMPILER_GLOBAL_ACCENT_COLOR_NAME = AccentColor;
				CODE_SIGN_STYLE = Automatic;
				CURRENT_PROJECT_VERSION = 1;
				DEVELOPMENT_TEAM = DQU9BJGSVQ;
				ENABLE_PREVIEWS = YES;
				GENERATE_INFOPLIST_FILE = YES;
				INFOPLIST_FILE = "Thermometer--iOS--Info.plist";
				INFOPLIST_KEY_UIApplicationSceneManifest_Generation = YES;
				INFOPLIST_KEY_UIApplicationSupportsIndirectInputEvents = YES;
				INFOPLIST_KEY_UILaunchScreen_Generation = YES;
				INFOPLIST_KEY_UISupportedInterfaceOrientations_iPad = "UIInterfaceOrientationPortrait UIInterfaceOrientationPortraitUpsideDown UIInterfaceOrientationLandscapeLeft UIInterfaceOrientationLandscapeRight";
				INFOPLIST_KEY_UISupportedInterfaceOrientations_iPhone = "UIInterfaceOrientationPortrait UIInterfaceOrientationLandscapeLeft UIInterfaceOrientationLandscapeRight";
				IPHONEOS_DEPLOYMENT_TARGET = 15.0;
				LD_RUNPATH_SEARCH_PATHS = (
					"$(inherited)",
					"@executable_path/Frameworks",
				);
				MARKETING_VERSION = 1.0;
				PRODUCT_BUNDLE_IDENTIFIER = in.co.coincoin.Thermometer;
				PRODUCT_NAME = Thermometer;
				SDKROOT = iphoneos;
				SWIFT_EMIT_LOC_STRINGS = YES;
				SWIFT_VERSION = 5.0;
				TARGETED_DEVICE_FAMILY = "1,2";
			};
			name = Debug;
		};
		DE7D50FF27C7D402006901BD /* Release */ = {
			isa = XCBuildConfiguration;
			buildSettings = {
				ASSETCATALOG_COMPILER_APPICON_NAME = AppIcon;
				ASSETCATALOG_COMPILER_GLOBAL_ACCENT_COLOR_NAME = AccentColor;
				CODE_SIGN_STYLE = Automatic;
				CURRENT_PROJECT_VERSION = 1;
				DEVELOPMENT_TEAM = DQU9BJGSVQ;
				ENABLE_PREVIEWS = YES;
				GENERATE_INFOPLIST_FILE = YES;
				INFOPLIST_FILE = "Thermometer--iOS--Info.plist";
				INFOPLIST_KEY_UIApplicationSceneManifest_Generation = YES;
				INFOPLIST_KEY_UIApplicationSupportsIndirectInputEvents = YES;
				INFOPLIST_KEY_UILaunchScreen_Generation = YES;
				INFOPLIST_KEY_UISupportedInterfaceOrientations_iPad = "UIInterfaceOrientationPortrait UIInterfaceOrientationPortraitUpsideDown UIInterfaceOrientationLandscapeLeft UIInterfaceOrientationLandscapeRight";
				INFOPLIST_KEY_UISupportedInterfaceOrientations_iPhone = "UIInterfaceOrientationPortrait UIInterfaceOrientationLandscapeLeft UIInterfaceOrientationLandscapeRight";
				IPHONEOS_DEPLOYMENT_TARGET = 15.0;
				LD_RUNPATH_SEARCH_PATHS = (
					"$(inherited)",
					"@executable_path/Frameworks",
				);
				MARKETING_VERSION = 1.0;
				PRODUCT_BUNDLE_IDENTIFIER = in.co.coincoin.Thermometer;
				PRODUCT_NAME = Thermometer;
				SDKROOT = iphoneos;
				SWIFT_EMIT_LOC_STRINGS = YES;
				SWIFT_VERSION = 5.0;
				TARGETED_DEVICE_FAMILY = "1,2";
				VALIDATE_PRODUCT = YES;
			};
			name = Release;
		};
		DE7D510127C7D402006901BD /* Debug */ = {
			isa = XCBuildConfiguration;
			buildSettings = {
				ASSETCATALOG_COMPILER_APPICON_NAME = AppIcon;
				ASSETCATALOG_COMPILER_GLOBAL_ACCENT_COLOR_NAME = AccentColor;
				CODE_SIGN_ENTITLEMENTS = macOS/macOS.entitlements;
				CODE_SIGN_STYLE = Automatic;
				COMBINE_HIDPI_IMAGES = YES;
				CURRENT_PROJECT_VERSION = 1;
				DEVELOPMENT_TEAM = DQU9BJGSVQ;
				ENABLE_HARDENED_RUNTIME = YES;
				ENABLE_PREVIEWS = YES;
				GENERATE_INFOPLIST_FILE = YES;
				INFOPLIST_KEY_NSHumanReadableCopyright = "";
				LD_RUNPATH_SEARCH_PATHS = (
					"$(inherited)",
					"@executable_path/../Frameworks",
				);
				MACOSX_DEPLOYMENT_TARGET = 11.3;
				MARKETING_VERSION = 1.0;
				PRODUCT_BUNDLE_IDENTIFIER = in.co.coincoin.Thermometer;
				PRODUCT_NAME = Thermometer;
				SDKROOT = macosx;
				SWIFT_EMIT_LOC_STRINGS = YES;
				SWIFT_VERSION = 5.0;
			};
			name = Debug;
		};
		DE7D510227C7D402006901BD /* Release */ = {
			isa = XCBuildConfiguration;
			buildSettings = {
				ASSETCATALOG_COMPILER_APPICON_NAME = AppIcon;
				ASSETCATALOG_COMPILER_GLOBAL_ACCENT_COLOR_NAME = AccentColor;
				CODE_SIGN_ENTITLEMENTS = macOS/macOS.entitlements;
				CODE_SIGN_STYLE = Automatic;
				COMBINE_HIDPI_IMAGES = YES;
				CURRENT_PROJECT_VERSION = 1;
				DEVELOPMENT_TEAM = DQU9BJGSVQ;
				ENABLE_HARDENED_RUNTIME = YES;
				ENABLE_PREVIEWS = YES;
				GENERATE_INFOPLIST_FILE = YES;
				INFOPLIST_KEY_NSHumanReadableCopyright = "";
				LD_RUNPATH_SEARCH_PATHS = (
					"$(inherited)",
					"@executable_path/../Frameworks",
				);
				MACOSX_DEPLOYMENT_TARGET = 11.3;
				MARKETING_VERSION = 1.0;
				PRODUCT_BUNDLE_IDENTIFIER = in.co.coincoin.Thermometer;
				PRODUCT_NAME = Thermometer;
				SDKROOT = macosx;
				SWIFT_EMIT_LOC_STRINGS = YES;
				SWIFT_VERSION = 5.0;
			};
			name = Release;
		};
/* End XCBuildConfiguration section */

/* Begin XCConfigurationList section */
		DE7D50E327C7D400006901BD /* Build configuration list for PBXProject "Thermometer" */ = {
			isa = XCConfigurationList;
			buildConfigurations = (
				DE7D50FB27C7D402006901BD /* Debug */,
				DE7D50FC27C7D402006901BD /* Release */,
			);
			defaultConfigurationIsVisible = 0;
			defaultConfigurationName = Release;
		};
		DE7D50FD27C7D402006901BD /* Build configuration list for PBXNativeTarget "Thermometer (iOS)" */ = {
			isa = XCConfigurationList;
			buildConfigurations = (
				DE7D50FE27C7D402006901BD /* Debug */,
				DE7D50FF27C7D402006901BD /* Release */,
			);
			defaultConfigurationIsVisible = 0;
			defaultConfigurationName = Release;
		};
		DE7D510027C7D402006901BD /* Build configuration list for PBXNativeTarget "Thermometer (macOS)" */ = {
			isa = XCConfigurationList;
			buildConfigurations = (
				DE7D510127C7D402006901BD /* Debug */,
				DE7D510227C7D402006901BD /* Release */,
			);
			defaultConfigurationIsVisible = 0;
			defaultConfigurationName = Release;
		};
/* End XCConfigurationList section */
	};
	rootObject = DE7D50E027C7D400006901BD /* Project object */;
}
